
Microsoft Visual Studio Solution File, Format Version 12.00
# Visual Studio Version 16
VisualStudioVersion = 16.0.30611.23
MinimumVisualStudioVersion = 10.0.40219.1
Project("{8BC9CEB8-8B4A-11D0-8D11-00A0C91BC942}") = "Programming in C++", "Programming in C++.vcxproj", "{F216095F-C5B7-46D5-8843-D3954AC8FFEE}"
EndProject
Global
	GlobalSection(SolutionConfigurationPlatforms) = preSolution
		Debug|x64 = Debug|x64
		Debug|x86 = Debug|x86
		Release|x64 = Release|x64
		Release|x86 = Release|x86
	EndGlobalSection
	GlobalSection(ProjectConfigurationPlatforms) = postSolution
		{F216095F-C5B7-46D5-8843-D3954AC8FFEE}.Debug|x64.ActiveCfg = Debug|x64
		{F216095F-C5B7-46D5-8843-D3954AC8FFEE}.Debug|x64.Build.0 = Debug|x64
		{F216095F-C5B7-46D5-8843-D3954AC8FFEE}.Debug|x86.ActiveCfg = Debug|Win32
		{F216095F-C5B7-46D5-8843-D3954AC8FFEE}.Debug|x86.Build.0 = Debug|Win32
		{F216095F-C5B7-46D5-8843-D3954AC8FFEE}.Release|x64.ActiveCfg = Release|x64
		{F216095F-C5B7-46D5-8843-D3954AC8FFEE}.Release|x64.Build.0 = Release|x64
		{F216095F-C5B7-46D5-8843-D3954AC8FFEE}.Release|x86.ActiveCfg = Release|Win32
		{F216095F-C5B7-46D5-8843-D3954AC8FFEE}.Release|x86.Build.0 = Release|Win32
	EndGlobalSection
	GlobalSection(SolutionProperties) = preSolution
		HideSolutionNode = FALSE
	EndGlobalSection
	GlobalSection(ExtensibilityGlobals) = postSolution
		SolutionGuid = {9E817E41-A844-41EB-91BF-2E451575020F}
	EndGlobalSection
EndGlobal
